
Microsoft Visual Studio Solution File, Format Version 12.00
Project("{FAE04EC0-301F-11D3-BF4B-00C04F79EFBC}") = "PackageDeployer.CLI", "src\PackageDeployer.CLI\PackageDeployer.CLI.csproj", "{D6382923-5DDE-4CD8-9934-AAD3654080ED}"
EndProject
Project("{FAE04EC0-301F-11D3-BF4B-00C04F79EFBC}") = "PackageDeployer.Core", "PackageDeployer.Core\PackageDeployer.Core.csproj", "{71A2A797-1205-4186-926F-8FA9F916162B}"
EndProject
Project("{FAE04EC0-301F-11D3-BF4B-00C04F79EFBC}") = "PackageDeployer.Lang", "src\PackageDeployer.Lang\PackageDeployer.Lang.csproj", "{F2B816DB-06E7-405C-ADFF-BABFA098F9CF}"
EndProject
Global
	GlobalSection(SolutionConfigurationPlatforms) = preSolution
		Debug|Any CPU = Debug|Any CPU
		Release|Any CPU = Release|Any CPU
	EndGlobalSection
	GlobalSection(ProjectConfigurationPlatforms) = postSolution
		{D6382923-5DDE-4CD8-9934-AAD3654080ED}.Debug|Any CPU.ActiveCfg = Debug|Any CPU
		{D6382923-5DDE-4CD8-9934-AAD3654080ED}.Debug|Any CPU.Build.0 = Debug|Any CPU
		{D6382923-5DDE-4CD8-9934-AAD3654080ED}.Release|Any CPU.ActiveCfg = Release|Any CPU
		{D6382923-5DDE-4CD8-9934-AAD3654080ED}.Release|Any CPU.Build.0 = Release|Any CPU
		{71A2A797-1205-4186-926F-8FA9F916162B}.Debug|Any CPU.ActiveCfg = Debug|Any CPU
		{71A2A797-1205-4186-926F-8FA9F916162B}.Debug|Any CPU.Build.0 = Debug|Any CPU
		{71A2A797-1205-4186-926F-8FA9F916162B}.Release|Any CPU.ActiveCfg = Release|Any CPU
		{71A2A797-1205-4186-926F-8FA9F916162B}.Release|Any CPU.Build.0 = Release|Any CPU
		{F2B816DB-06E7-405C-ADFF-BABFA098F9CF}.Debug|Any CPU.ActiveCfg = Debug|Any CPU
		{F2B816DB-06E7-405C-ADFF-BABFA098F9CF}.Debug|Any CPU.Build.0 = Debug|Any CPU
		{F2B816DB-06E7-405C-ADFF-BABFA098F9CF}.Release|Any CPU.ActiveCfg = Release|Any CPU
		{F2B816DB-06E7-405C-ADFF-BABFA098F9CF}.Release|Any CPU.Build.0 = Release|Any CPU
	EndGlobalSection
EndGlobal
